
Microsoft Visual Studio Solution File, Format Version 12.00
# Visual Studio Version 16
VisualStudioVersion = 16.0.30804.86
MinimumVisualStudioVersion = 10.0.40219.1
Project("{FAE04EC0-301F-11D3-BF4B-00C04F79EFBC}") = "Lib", "Lib\Lib.csproj", "{19ECE20F-9CCF-48AE-8082-A72BB3D87698}"
EndProject
Project("{FAE04EC0-301F-11D3-BF4B-00C04F79EFBC}") = "Service", "Service\Service.csproj", "{119C97B5-F2A6-463B-86EE-4A7FEAAC6F4B}"
EndProject
Project("{E53339B2-1760-4266-BCC7-CA923CBCF16C}") = "docker-compose", "docker-compose.dcproj", "{3F2D5BBE-4499-4F72-B2DB-EA50834E2291}"
EndProject
Global
	GlobalSection(SolutionConfigurationPlatforms) = preSolution
		Debug|Any CPU = Debug|Any CPU
		Release|Any CPU = Release|Any CPU
	EndGlobalSection
	GlobalSection(ProjectConfigurationPlatforms) = postSolution
		{19ECE20F-9CCF-48AE-8082-A72BB3D87698}.Debug|Any CPU.ActiveCfg = Debug|Any CPU
		{19ECE20F-9CCF-48AE-8082-A72BB3D87698}.Debug|Any CPU.Build.0 = Debug|Any CPU
		{19ECE20F-9CCF-48AE-8082-A72BB3D87698}.Release|Any CPU.ActiveCfg = Release|Any CPU
		{19ECE20F-9CCF-48AE-8082-A72BB3D87698}.Release|Any CPU.Build.0 = Release|Any CPU
		{119C97B5-F2A6-463B-86EE-4A7FEAAC6F4B}.Debug|Any CPU.ActiveCfg = Debug|Any CPU
		{119C97B5-F2A6-463B-86EE-4A7FEAAC6F4B}.Debug|Any CPU.Build.0 = Debug|Any CPU
		{119C97B5-F2A6-463B-86EE-4A7FEAAC6F4B}.Release|Any CPU.ActiveCfg = Release|Any CPU
		{119C97B5-F2A6-463B-86EE-4A7FEAAC6F4B}.Release|Any CPU.Build.0 = Release|Any CPU
		{3F2D5BBE-4499-4F72-B2DB-EA50834E2291}.Debug|Any CPU.ActiveCfg = Debug|Any CPU
		{3F2D5BBE-4499-4F72-B2DB-EA50834E2291}.Debug|Any CPU.Build.0 = Debug|Any CPU
		{3F2D5BBE-4499-4F72-B2DB-EA50834E2291}.Release|Any CPU.ActiveCfg = Release|Any CPU
		{3F2D5BBE-4499-4F72-B2DB-EA50834E2291}.Release|Any CPU.Build.0 = Release|Any CPU
	EndGlobalSection
	GlobalSection(SolutionProperties) = preSolution
		HideSolutionNode = FALSE
	EndGlobalSection
	GlobalSection(ExtensibilityGlobals) = postSolution
		SolutionGuid = {B001D91A-3CBB-4192-9DAD-B0A36A18852B}
	EndGlobalSection
EndGlobal
